// !$*UTF8*$!
{
	archiveVersion = 1;
	classes = {
	};
	objectVersion = 56;
	objects = {

/* Begin PBXBuildFile section */
		28F0D7E873E0AF5DB3E79ADD /* Pods_pagerView_tutorialTests.framework in Frameworks */ = {isa = PBXBuildFile; fileRef = A03DA9D1C1E208C6ABE4AFFF /* Pods_pagerView_tutorialTests.framework */; };
		3FF7898EBED3018947FED89A /* Pods_pagerView_tutorial.framework in Frameworks */ = {isa = PBXBuildFile; fileRef = 524C089989D1DC76B8C29A4C /* Pods_pagerView_tutorial.framework */; };
		C4891653B8A99C8B1AFB8E35 /* Pods_pagerView_tutorial_pagerView_tutorialUITests.framework in Frameworks */ = {isa = PBXBuildFile; fileRef = 293798F06955E6A52D12077A /* Pods_pagerView_tutorial_pagerView_tutorialUITests.framework */; };
		DE4C05D6294870F100523A04 /* AppDelegate.swift in Sources */ = {isa = PBXBuildFile; fileRef = DE4C05D5294870F100523A04 /* AppDelegate.swift */; };
		DE4C05D8294870F100523A04 /* SceneDelegate.swift in Sources */ = {isa = PBXBuildFile; fileRef = DE4C05D7294870F100523A04 /* SceneDelegate.swift */; };
		DE4C05DA294870F100523A04 /* ViewController.swift in Sources */ = {isa = PBXBuildFile; fileRef = DE4C05D9294870F100523A04 /* ViewController.swift */; };
		DE4C05DD294870F100523A04 /* Main.storyboard in Resources */ = {isa = PBXBuildFile; fileRef = DE4C05DB294870F100523A04 /* Main.storyboard */; };
		DE4C05DF294870F200523A04 /* Assets.xcassets in Resources */ = {isa = PBXBuildFile; fileRef = DE4C05DE294870F200523A04 /* Assets.xcassets */; };
		DE4C05E2294870F200523A04 /* LaunchScreen.storyboard in Resources */ = {isa = PBXBuildFile; fileRef = DE4C05E0294870F200523A04 /* LaunchScreen.storyboard */; };
		DE4C05ED294870F200523A04 /* pagerView_tutorialTests.swift in Sources */ = {isa = PBXBuildFile; fileRef = DE4C05EC294870F200523A04 /* pagerView_tutorialTests.swift */; };
		DE4C05F7294870F200523A04 /* pagerView_tutorialUITests.swift in Sources */ = {isa = PBXBuildFile; fileRef = DE4C05F6294870F200523A04 /* pagerView_tutorialUITests.swift */; };
		DE4C05F9294870F200523A04 /* pagerView_tutorialUITestsLaunchTests.swift in Sources */ = {isa = PBXBuildFile; fileRef = DE4C05F8294870F200523A04 /* pagerView_tutorialUITestsLaunchTests.swift */; };
/* End PBXBuildFile section */

/* Begin PBXContainerItemProxy section */
		DE4C05E9294870F200523A04 /* PBXContainerItemProxy */ = {
			isa = PBXContainerItemProxy;
			containerPortal = DE4C05CA294870F100523A04 /* Project object */;
			proxyType = 1;
			remoteGlobalIDString = DE4C05D1294870F100523A04;
			remoteInfo = pagerView_tutorial;
		};
		DE4C05F3294870F200523A04 /* PBXContainerItemProxy */ = {
			isa = PBXContainerItemProxy;
			containerPortal = DE4C05CA294870F100523A04 /* Project object */;
			proxyType = 1;
			remoteGlobalIDString = DE4C05D1294870F100523A04;
			remoteInfo = pagerView_tutorial;
		};
/* End PBXContainerItemProxy section */

/* Begin PBXFileReference section */
		09C1DD931799AA59A3FCB6DA /* Pods-pagerView_tutorialTests.release.xcconfig */ = {isa = PBXFileReference; includeInIndex = 1; lastKnownFileType = text.xcconfig; name = "Pods-pagerView_tutorialTests.release.xcconfig"; path = "Target Support Files/Pods-pagerView_tutorialTests/Pods-pagerView_tutorialTests.release.xcconfig"; sourceTree = "<group>"; };
		293798F06955E6A52D12077A /* Pods_pagerView_tutorial_pagerView_tutorialUITests.framework */ = {isa = PBXFileReference; explicitFileType = wrapper.framework; includeInIndex = 0; path = Pods_pagerView_tutorial_pagerView_tutorialUITests.framework; sourceTree = BUILT_PRODUCTS_DIR; };
		524C089989D1DC76B8C29A4C /* Pods_pagerView_tutorial.framework */ = {isa = PBXFileReference; explicitFileType = wrapper.framework; includeInIndex = 0; path = Pods_pagerView_tutorial.framework; sourceTree = BUILT_PRODUCTS_DIR; };
		5E9848C245B68F5C4432BB02 /* Pods-pagerView_tutorial-pagerView_tutorialUITests.release.xcconfig */ = {isa = PBXFileReference; includeInIndex = 1; lastKnownFileType = text.xcconfig; name = "Pods-pagerView_tutorial-pagerView_tutorialUITests.release.xcconfig"; path = "Target Support Files/Pods-pagerView_tutorial-pagerView_tutorialUITests/Pods-pagerView_tutorial-pagerView_tutorialUITests.release.xcconfig"; sourceTree = "<group>"; };
		62EE7831A5A216B19488DF72 /* Pods-pagerView_tutorial.debug.xcconfig */ = {isa = PBXFileReference; includeInIndex = 1; lastKnownFileType = text.xcconfig; name = "Pods-pagerView_tutorial.debug.xcconfig"; path = "Target Support Files/Pods-pagerView_tutorial/Pods-pagerView_tutorial.debug.xcconfig"; sourceTree = "<group>"; };
		A03DA9D1C1E208C6ABE4AFFF /* Pods_pagerView_tutorialTests.framework */ = {isa = PBXFileReference; explicitFileType = wrapper.framework; includeInIndex = 0; path = Pods_pagerView_tutorialTests.framework; sourceTree = BUILT_PRODUCTS_DIR; };
		DE4C05D2294870F100523A04 /* pagerView_tutorial.app */ = {isa = PBXFileReference; explicitFileType = wrapper.application; includeInIndex = 0; path = pagerView_tutorial.app; sourceTree = BUILT_PRODUCTS_DIR; };
		DE4C05D5294870F100523A04 /* AppDelegate.swift */ = {isa = PBXFileReference; lastKnownFileType = sourcecode.swift; path = AppDelegate.swift; sourceTree = "<group>"; };
		DE4C05D7294870F100523A04 /* SceneDelegate.swift */ = {isa = PBXFileReference; lastKnownFileType = sourcecode.swift; path = SceneDelegate.swift; sourceTree = "<group>"; };
		DE4C05D9294870F100523A04 /* ViewController.swift */ = {isa = PBXFileReference; lastKnownFileType = sourcecode.swift; path = ViewController.swift; sourceTree = "<group>"; };
		DE4C05DC294870F100523A04 /* Base */ = {isa = PBXFileReference; lastKnownFileType = file.storyboard; name = Base; path = Base.lproj/Main.storyboard; sourceTree = "<group>"; };
		DE4C05DE294870F200523A04 /* Assets.xcassets */ = {isa = PBXFileReference; lastKnownFileType = folder.assetcatalog; path = Assets.xcassets; sourceTree = "<group>"; };
		DE4C05E1294870F200523A04 /* Base */ = {isa = PBXFileReference; lastKnownFileType = file.storyboard; name = Base; path = Base.lproj/LaunchScreen.storyboard; sourceTree = "<group>"; };
		DE4C05E3294870F200523A04 /* Info.plist */ = {isa = PBXFileReference; lastKnownFileType = text.plist.xml; path = Info.plist; sourceTree = "<group>"; };
		DE4C05E8294870F200523A04 /* pagerView_tutorialTests.xctest */ = {isa = PBXFileReference; explicitFileType = wrapper.cfbundle; includeInIndex = 0; path = pagerView_tutorialTests.xctest; sourceTree = BUILT_PRODUCTS_DIR; };
		DE4C05EC294870F200523A04 /* pagerView_tutorialTests.swift */ = {isa = PBXFileReference; lastKnownFileType = sourcecode.swift; path = pagerView_tutorialTests.swift; sourceTree = "<group>"; };
		DE4C05F2294870F200523A04 /* pagerView_tutorialUITests.xctest */ = {isa = PBXFileReference; explicitFileType = wrapper.cfbundle; includeInIndex = 0; path = pagerView_tutorialUITests.xctest; sourceTree = BUILT_PRODUCTS_DIR; };
		DE4C05F6294870F200523A04 /* pagerView_tutorialUITests.swift */ = {isa = PBXFileReference; lastKnownFileType = sourcecode.swift; path = pagerView_tutorialUITests.swift; sourceTree = "<group>"; };
		DE4C05F8294870F200523A04 /* pagerView_tutorialUITestsLaunchTests.swift */ = {isa = PBXFileReference; lastKnownFileType = sourcecode.swift; path = pagerView_tutorialUITestsLaunchTests.swift; sourceTree = "<group>"; };
		EF2DECC4E0590ED7EACC71AB /* Pods-pagerView_tutorial.release.xcconfig */ = {isa = PBXFileReference; includeInIndex = 1; lastKnownFileType = text.xcconfig; name = "Pods-pagerView_tutorial.release.xcconfig"; path = "Target Support Files/Pods-pagerView_tutorial/Pods-pagerView_tutorial.release.xcconfig"; sourceTree = "<group>"; };
		FB15678194555758A272D05E /* Pods-pagerView_tutorial-pagerView_tutorialUITests.debug.xcconfig */ = {isa = PBXFileReference; includeInIndex = 1; lastKnownFileType = text.xcconfig; name = "Pods-pagerView_tutorial-pagerView_tutorialUITests.debug.xcconfig"; path = "Target Support Files/Pods-pagerView_tutorial-pagerView_tutorialUITests/Pods-pagerView_tutorial-pagerView_tutorialUITests.debug.xcconfig"; sourceTree = "<group>"; };
		FD0CFEEA209B7D91324FE4D3 /* Pods-pagerView_tutorialTests.debug.xcconfig */ = {isa = PBXFileReference; includeInIndex = 1; lastKnownFileType = text.xcconfig; name = "Pods-pagerView_tutorialTests.debug.xcconfig"; path = "Target Support Files/Pods-pagerView_tutorialTests/Pods-pagerView_tutorialTests.debug.xcconfig"; sourceTree = "<group>"; };
/* End PBXFileReference section */

/* Begin PBXFrameworksBuildPhase section */
		DE4C05CF294870F100523A04 /* Frameworks */ = {
			isa = PBXFrameworksBuildPhase;
			buildActionMask = 2147483647;
			files = (
				3FF7898EBED3018947FED89A /* Pods_pagerView_tutorial.framework in Frameworks */,
			);
			runOnlyForDeploymentPostprocessing = 0;
		};
		DE4C05E5294870F200523A04 /* Frameworks */ = {
			isa = PBXFrameworksBuildPhase;
			buildActionMask = 2147483647;
			files = (
				28F0D7E873E0AF5DB3E79ADD /* Pods_pagerView_tutorialTests.framework in Frameworks */,
			);
			runOnlyForDeploymentPostprocessing = 0;
		};
		DE4C05EF294870F200523A04 /* Frameworks */ = {
			isa = PBXFrameworksBuildPhase;
			buildActionMask = 2147483647;
			files = (
				C4891653B8A99C8B1AFB8E35 /* Pods_pagerView_tutorial_pagerView_tutorialUITests.framework in Frameworks */,
			);
			runOnlyForDeploymentPostprocessing = 0;
		};
/* End PBXFrameworksBuildPhase section */

/* Begin PBXGroup section */
		26D2A8B2F97FC0DE57A1A2F9 /* Pods */ = {
			isa = PBXGroup;
			children = (
				62EE7831A5A216B19488DF72 /* Pods-pagerView_tutorial.debug.xcconfig */,
				EF2DECC4E0590ED7EACC71AB /* Pods-pagerView_tutorial.release.xcconfig */,
				FB15678194555758A272D05E /* Pods-pagerView_tutorial-pagerView_tutorialUITests.debug.xcconfig */,
				5E9848C245B68F5C4432BB02 /* Pods-pagerView_tutorial-pagerView_tutorialUITests.release.xcconfig */,
				FD0CFEEA209B7D91324FE4D3 /* Pods-pagerView_tutorialTests.debug.xcconfig */,
				09C1DD931799AA59A3FCB6DA /* Pods-pagerView_tutorialTests.release.xcconfig */,
			);
			path = Pods;
			sourceTree = "<group>";
		};
		DE4C05C9294870F100523A04 = {
			isa = PBXGroup;
			children = (
				DE4C05D4294870F100523A04 /* pagerView_tutorial */,
				DE4C05EB294870F200523A04 /* pagerView_tutorialTests */,
				DE4C05F5294870F200523A04 /* pagerView_tutorialUITests */,
				DE4C05D3294870F100523A04 /* Products */,
				26D2A8B2F97FC0DE57A1A2F9 /* Pods */,
				F1E16C42C9EA4D0FC473633A /* Frameworks */,
			);
			sourceTree = "<group>";
		};
		DE4C05D3294870F100523A04 /* Products */ = {
			isa = PBXGroup;
			children = (
				DE4C05D2294870F100523A04 /* pagerView_tutorial.app */,
				DE4C05E8294870F200523A04 /* pagerView_tutorialTests.xctest */,
				DE4C05F2294870F200523A04 /* pagerView_tutorialUITests.xctest */,
			);
			name = Products;
			sourceTree = "<group>";
		};
		DE4C05D4294870F100523A04 /* pagerView_tutorial */ = {
			isa = PBXGroup;
			children = (
				DE4C06052949576D00523A04 /* Resource */,
				DE4C05D5294870F100523A04 /* AppDelegate.swift */,
				DE4C05D7294870F100523A04 /* SceneDelegate.swift */,
				DE4C05D9294870F100523A04 /* ViewController.swift */,
				DE4C05DB294870F100523A04 /* Main.storyboard */,
				DE4C05E0294870F200523A04 /* LaunchScreen.storyboard */,
				DE4C05E3294870F200523A04 /* Info.plist */,
			);
			path = pagerView_tutorial;
			sourceTree = "<group>";
		};
		DE4C05EB294870F200523A04 /* pagerView_tutorialTests */ = {
			isa = PBXGroup;
			children = (
				DE4C05EC294870F200523A04 /* pagerView_tutorialTests.swift */,
			);
			path = pagerView_tutorialTests;
			sourceTree = "<group>";
		};
		DE4C05F5294870F200523A04 /* pagerView_tutorialUITests */ = {
			isa = PBXGroup;
			children = (
				DE4C05F6294870F200523A04 /* pagerView_tutorialUITests.swift */,
				DE4C05F8294870F200523A04 /* pagerView_tutorialUITestsLaunchTests.swift */,
			);
			path = pagerView_tutorialUITests;
			sourceTree = "<group>";
		};
		DE4C06052949576D00523A04 /* Resource */ = {
			isa = PBXGroup;
			children = (
				DE4C05DE294870F200523A04 /* Assets.xcassets */,
			);
			path = Resource;
			sourceTree = "<group>";
		};
		F1E16C42C9EA4D0FC473633A /* Frameworks */ = {
			isa = PBXGroup;
			children = (
				524C089989D1DC76B8C29A4C /* Pods_pagerView_tutorial.framework */,
				293798F06955E6A52D12077A /* Pods_pagerView_tutorial_pagerView_tutorialUITests.framework */,
				A03DA9D1C1E208C6ABE4AFFF /* Pods_pagerView_tutorialTests.framework */,
			);
			name = Frameworks;
			sourceTree = "<group>";
		};
/* End PBXGroup section */

/* Begin PBXNativeTarget section */
		DE4C05D1294870F100523A04 /* pagerView_tutorial */ = {
			isa = PBXNativeTarget;
			buildConfigurationList = DE4C05FC294870F200523A04 /* Build configuration list for PBXNativeTarget "pagerView_tutorial" */;
			buildPhases = (
				18D55860A30471581CAF137B /* [CP] Check Pods Manifest.lock */,
				DE4C05CE294870F100523A04 /* Sources */,
				DE4C05CF294870F100523A04 /* Frameworks */,
				DE4C05D0294870F100523A04 /* Resources */,
				183DEC1775C890626C0D6FF9 /* [CP] Embed Pods Frameworks */,
			);
			buildRules = (
			);
			dependencies = (
			);
			name = pagerView_tutorial;
			productName = pagerView_tutorial;
			productReference = DE4C05D2294870F100523A04 /* pagerView_tutorial.app */;
			productType = "com.apple.product-type.application";
		};
		DE4C05E7294870F200523A04 /* pagerView_tutorialTests */ = {
			isa = PBXNativeTarget;
			buildConfigurationList = DE4C05FF294870F200523A04 /* Build configuration list for PBXNativeTarget "pagerView_tutorialTests" */;
			buildPhases = (
				7868EB302C98648B75882562 /* [CP] Check Pods Manifest.lock */,
				DE4C05E4294870F200523A04 /* Sources */,
				DE4C05E5294870F200523A04 /* Frameworks */,
				DE4C05E6294870F200523A04 /* Resources */,
			);
			buildRules = (
			);
			dependencies = (
				DE4C05EA294870F200523A04 /* PBXTargetDependency */,
			);
			name = pagerView_tutorialTests;
			productName = pagerView_tutorialTests;
			productReference = DE4C05E8294870F200523A04 /* pagerView_tutorialTests.xctest */;
			productType = "com.apple.product-type.bundle.unit-test";
		};
		DE4C05F1294870F200523A04 /* pagerView_tutorialUITests */ = {
			isa = PBXNativeTarget;
			buildConfigurationList = DE4C0602294870F200523A04 /* Build configuration list for PBXNativeTarget "pagerView_tutorialUITests" */;
			buildPhases = (
				7174D3BBA0025169D3AFCDE1 /* [CP] Check Pods Manifest.lock */,
				DE4C05EE294870F200523A04 /* Sources */,
				DE4C05EF294870F200523A04 /* Frameworks */,
				DE4C05F0294870F200523A04 /* Resources */,
				866426E670281E937949097B /* [CP] Embed Pods Frameworks */,
			);
			buildRules = (
			);
			dependencies = (
				DE4C05F4294870F200523A04 /* PBXTargetDependency */,
			);
			name = pagerView_tutorialUITests;
			productName = pagerView_tutorialUITests;
			productReference = DE4C05F2294870F200523A04 /* pagerView_tutorialUITests.xctest */;
			productType = "com.apple.product-type.bundle.ui-testing";
		};
/* End PBXNativeTarget section */

/* Begin PBXProject section */
		DE4C05CA294870F100523A04 /* Project object */ = {
			isa = PBXProject;
			attributes = {
				BuildIndependentTargetsInParallel = 1;
				LastSwiftUpdateCheck = 1410;
				LastUpgradeCheck = 1410;
				TargetAttributes = {
					DE4C05D1294870F100523A04 = {
						CreatedOnToolsVersion = 14.1;
					};
					DE4C05E7294870F200523A04 = {
						CreatedOnToolsVersion = 14.1;
						TestTargetID = DE4C05D1294870F100523A04;
					};
					DE4C05F1294870F200523A04 = {
						CreatedOnToolsVersion = 14.1;
						TestTargetID = DE4C05D1294870F100523A04;
					};
				};
			};
			buildConfigurationList = DE4C05CD294870F100523A04 /* Build configuration list for PBXProject "pagerView_tutorial" */;
			compatibilityVersion = "Xcode 14.0";
			developmentRegion = en;
			hasScannedForEncodings = 0;
			knownRegions = (
				en,
				Base,
			);
			mainGroup = DE4C05C9294870F100523A04;
			productRefGroup = DE4C05D3294870F100523A04 /* Products */;
			projectDirPath = "";
			projectRoot = "";
			targets = (
				DE4C05D1294870F100523A04 /* pagerView_tutorial */,
				DE4C05E7294870F200523A04 /* pagerView_tutorialTests */,
				DE4C05F1294870F200523A04 /* pagerView_tutorialUITests */,
			);
		};
/* End PBXProject section */

/* Begin PBXResourcesBuildPhase section */
		DE4C05D0294870F100523A04 /* Resources */ = {
			isa = PBXResourcesBuildPhase;
			buildActionMask = 2147483647;
			files = (
				DE4C05E2294870F200523A04 /* LaunchScreen.storyboard in Resources */,
				DE4C05DF294870F200523A04 /* Assets.xcassets in Resources */,
				DE4C05DD294870F100523A04 /* Main.storyboard in Resources */,
			);
			runOnlyForDeploymentPostprocessing = 0;
		};
		DE4C05E6294870F200523A04 /* Resources */ = {
			isa = PBXResourcesBuildPhase;
			buildActionMask = 2147483647;
			files = (
			);
			runOnlyForDeploymentPostprocessing = 0;
		};
		DE4C05F0294870F200523A04 /* Resources */ = {
			isa = PBXResourcesBuildPhase;
			buildActionMask = 2147483647;
			files = (
			);
			runOnlyForDeploymentPostprocessing = 0;
		};
/* End PBXResourcesBuildPhase section */

/* Begin PBXShellScriptBuildPhase section */
		183DEC1775C890626C0D6FF9 /* [CP] Embed Pods Frameworks */ = {
			isa = PBXShellScriptBuildPhase;
			buildActionMask = 2147483647;
			files = (
			);
			inputFileListPaths = (
				"${PODS_ROOT}/Target Support Files/Pods-pagerView_tutorial/Pods-pagerView_tutorial-frameworks-${CONFIGURATION}-input-files.xcfilelist",
			);
			name = "[CP] Embed Pods Frameworks";
			outputFileListPaths = (
				"${PODS_ROOT}/Target Support Files/Pods-pagerView_tutorial/Pods-pagerView_tutorial-frameworks-${CONFIGURATION}-output-files.xcfilelist",
			);
			runOnlyForDeploymentPostprocessing = 0;
			shellPath = /bin/sh;
			shellScript = "\"${PODS_ROOT}/Target Support Files/Pods-pagerView_tutorial/Pods-pagerView_tutorial-frameworks.sh\"\n";
			showEnvVarsInLog = 0;
		};
		18D55860A30471581CAF137B /* [CP] Check Pods Manifest.lock */ = {
			isa = PBXShellScriptBuildPhase;
			buildActionMask = 2147483647;
			files = (
			);
			inputFileListPaths = (
			);
			inputPaths = (
				"${PODS_PODFILE_DIR_PATH}/Podfile.lock",
				"${PODS_ROOT}/Manifest.lock",
			);
			name = "[CP] Check Pods Manifest.lock";
			outputFileListPaths = (
			);
			outputPaths = (
				"$(DERIVED_FILE_DIR)/Pods-pagerView_tutorial-checkManifestLockResult.txt",
			);
			runOnlyForDeploymentPostprocessing = 0;
			shellPath = /bin/sh;
			shellScript = "diff \"${PODS_PODFILE_DIR_PATH}/Podfile.lock\" \"${PODS_ROOT}/Manifest.lock\" > /dev/null\nif [ $? != 0 ] ; then\n    # print error to STDERR\n    echo \"error: The sandbox is not in sync with the Podfile.lock. Run 'pod install' or update your CocoaPods installation.\" >&2\n    exit 1\nfi\n# This output is used by Xcode 'outputs' to avoid re-running this script phase.\necho \"SUCCESS\" > \"${SCRIPT_OUTPUT_FILE_0}\"\n";
			showEnvVarsInLog = 0;
		};
		7174D3BBA0025169D3AFCDE1 /* [CP] Check Pods Manifest.lock */ = {
			isa = PBXShellScriptBuildPhase;
			buildActionMask = 2147483647;
			files = (
			);
			inputFileListPaths = (
			);
			inputPaths = (
				"${PODS_PODFILE_DIR_PATH}/Podfile.lock",
				"${PODS_ROOT}/Manifest.lock",
			);
			name = "[CP] Check Pods Manifest.lock";
			outputFileListPaths = (
			);
			outputPaths = (
				"$(DERIVED_FILE_DIR)/Pods-pagerView_tutorial-pagerView_tutorialUITests-checkManifestLockResult.txt",
			);
			runOnlyForDeploymentPostprocessing = 0;
			shellPath = /bin/sh;
			shellScript = "diff \"${PODS_PODFILE_DIR_PATH}/Podfile.lock\" \"${PODS_ROOT}/Manifest.lock\" > /dev/null\nif [ $? != 0 ] ; then\n    # print error to STDERR\n    echo \"error: The sandbox is not in sync with the Podfile.lock. Run 'pod install' or update your CocoaPods installation.\" >&2\n    exit 1\nfi\n# This output is used by Xcode 'outputs' to avoid re-running this script phase.\necho \"SUCCESS\" > \"${SCRIPT_OUTPUT_FILE_0}\"\n";
			showEnvVarsInLog = 0;
		};
		7868EB302C98648B75882562 /* [CP] Check Pods Manifest.lock */ = {
			isa = PBXShellScriptBuildPhase;
			buildActionMask = 2147483647;
			files = (
			);
			inputFileListPaths = (
			);
			inputPaths = (
				"${PODS_PODFILE_DIR_PATH}/Podfile.lock",
				"${PODS_ROOT}/Manifest.lock",
			);
			name = "[CP] Check Pods Manifest.lock";
			outputFileListPaths = (
			);
			outputPaths = (
				"$(DERIVED_FILE_DIR)/Pods-pagerView_tutorialTests-checkManifestLockResult.txt",
			);
			runOnlyForDeploymentPostprocessing = 0;
			shellPath = /bin/sh;
			shellScript = "diff \"${PODS_PODFILE_DIR_PATH}/Podfile.lock\" \"${PODS_ROOT}/Manifest.lock\" > /dev/null\nif [ $? != 0 ] ; then\n    # print error to STDERR\n    echo \"error: The sandbox is not in sync with the Podfile.lock. Run 'pod install' or update your CocoaPods installation.\" >&2\n    exit 1\nfi\n# This output is used by Xcode 'outputs' to avoid re-running this script phase.\necho \"SUCCESS\" > \"${SCRIPT_OUTPUT_FILE_0}\"\n";
			showEnvVarsInLog = 0;
		};
		866426E670281E937949097B /* [CP] Embed Pods Frameworks */ = {
			isa = PBXShellScriptBuildPhase;
			buildActionMask = 2147483647;
			files = (
			);
			inputFileListPaths = (
				"${PODS_ROOT}/Target Support Files/Pods-pagerView_tutorial-pagerView_tutorialUITests/Pods-pagerView_tutorial-pagerView_tutorialUITests-frameworks-${CONFIGURATION}-input-files.xcfilelist",
			);
			name = "[CP] Embed Pods Frameworks";
			outputFileListPaths = (
				"${PODS_ROOT}/Target Support Files/Pods-pagerView_tutorial-pagerView_tutorialUITests/Pods-pagerView_tutorial-pagerView_tutorialUITests-frameworks-${CONFIGURATION}-output-files.xcfilelist",
			);
			runOnlyForDeploymentPostprocessing = 0;
			shellPath = /bin/sh;
			shellScript = "\"${PODS_ROOT}/Target Support Files/Pods-pagerView_tutorial-pagerView_tutorialUITests/Pods-pagerView_tutorial-pagerView_tutorialUITests-frameworks.sh\"\n";
			showEnvVarsInLog = 0;
		};
/* End PBXShellScriptBuildPhase section */

/* Begin PBXSourcesBuildPhase section */
		DE4C05CE294870F100523A04 /* Sources */ = {
			isa = PBXSourcesBuildPhase;
			buildActionMask = 2147483647;
			files = (
				DE4C05DA294870F100523A04 /* ViewController.swift in Sources */,
				DE4C05D6294870F100523A04 /* AppDelegate.swift in Sources */,
				DE4C05D8294870F100523A04 /* SceneDelegate.swift in Sources */,
			);
			runOnlyForDeploymentPostprocessing = 0;
		};
		DE4C05E4294870F200523A04 /* Sources */ = {
			isa = PBXSourcesBuildPhase;
			buildActionMask = 2147483647;
			files = (
				DE4C05ED294870F200523A04 /* pagerView_tutorialTests.swift in Sources */,
			);
			runOnlyForDeploymentPostprocessing = 0;
		};
		DE4C05EE294870F200523A04 /* Sources */ = {
			isa = PBXSourcesBuildPhase;
			buildActionMask = 2147483647;
			files = (
				DE4C05F7294870F200523A04 /* pagerView_tutorialUITests.swift in Sources */,
				DE4C05F9294870F200523A04 /* pagerView_tutorialUITestsLaunchTests.swift in Sources */,
			);
			runOnlyForDeploymentPostprocessing = 0;
		};
/* End PBXSourcesBuildPhase section */

/* Begin PBXTargetDependency section */
		DE4C05EA294870F200523A04 /* PBXTargetDependency */ = {
			isa = PBXTargetDependency;
			target = DE4C05D1294870F100523A04 /* pagerView_tutorial */;
			targetProxy = DE4C05E9294870F200523A04 /* PBXContainerItemProxy */;
		};
		DE4C05F4294870F200523A04 /* PBXTargetDependency */ = {
			isa = PBXTargetDependency;
			target = DE4C05D1294870F100523A04 /* pagerView_tutorial */;
			targetProxy = DE4C05F3294870F200523A04 /* PBXContainerItemProxy */;
		};
/* End PBXTargetDependency section */

/* Begin PBXVariantGroup section */
		DE4C05DB294870F100523A04 /* Main.storyboard */ = {
			isa = PBXVariantGroup;
			children = (
				DE4C05DC294870F100523A04 /* Base */,
			);
			name = Main.storyboard;
			sourceTree = "<group>";
		};
		DE4C05E0294870F200523A04 /* LaunchScreen.storyboard */ = {
			isa = PBXVariantGroup;
			children = (
				DE4C05E1294870F200523A04 /* Base */,
			);
			name = LaunchScreen.storyboard;
			sourceTree = "<group>";
		};
/* End PBXVariantGroup section */

/* Begin XCBuildConfiguration section */
		DE4C05FA294870F200523A04 /* Debug */ = {
			isa = XCBuildConfiguration;
			buildSettings = {
				ALWAYS_SEARCH_USER_PATHS = NO;
				CLANG_ANALYZER_NONNULL = YES;
				CLANG_ANALYZER_NUMBER_OBJECT_CONVERSION = YES_AGGRESSIVE;
				CLANG_CXX_LANGUAGE_STANDARD = "gnu++20";
				CLANG_ENABLE_MODULES = YES;
				CLANG_ENABLE_OBJC_ARC = YES;
				CLANG_ENABLE_OBJC_WEAK = YES;
				CLANG_WARN_BLOCK_CAPTURE_AUTORELEASING = YES;
				CLANG_WARN_BOOL_CONVERSION = YES;
				CLANG_WARN_COMMA = YES;
				CLANG_WARN_CONSTANT_CONVERSION = YES;
				CLANG_WARN_DEPRECATED_OBJC_IMPLEMENTATIONS = YES;
				CLANG_WARN_DIRECT_OBJC_ISA_USAGE = YES_ERROR;
				CLANG_WARN_DOCUMENTATION_COMMENTS = YES;
				CLANG_WARN_EMPTY_BODY = YES;
				CLANG_WARN_ENUM_CONVERSION = YES;
				CLANG_WARN_INFINITE_RECURSION = YES;
				CLANG_WARN_INT_CONVERSION = YES;
				CLANG_WARN_NON_LITERAL_NULL_CONVERSION = YES;
				CLANG_WARN_OBJC_IMPLICIT_RETAIN_SELF = YES;
				CLANG_WARN_OBJC_LITERAL_CONVERSION = YES;
				CLANG_WARN_OBJC_ROOT_CLASS = YES_ERROR;
				CLANG_WARN_QUOTED_INCLUDE_IN_FRAMEWORK_HEADER = YES;
				CLANG_WARN_RANGE_LOOP_ANALYSIS = YES;
				CLANG_WARN_STRICT_PROTOTYPES = YES;
				CLANG_WARN_SUSPICIOUS_MOVE = YES;
				CLANG_WARN_UNGUARDED_AVAILABILITY = YES_AGGRESSIVE;
				CLANG_WARN_UNREACHABLE_CODE = YES;
				CLANG_WARN__DUPLICATE_METHOD_MATCH = YES;
				COPY_PHASE_STRIP = NO;
				DEBUG_INFORMATION_FORMAT = dwarf;
				ENABLE_STRICT_OBJC_MSGSEND = YES;
				ENABLE_TESTABILITY = YES;
				GCC_C_LANGUAGE_STANDARD = gnu11;
				GCC_DYNAMIC_NO_PIC = NO;
				GCC_NO_COMMON_BLOCKS = YES;
				GCC_OPTIMIZATION_LEVEL = 0;
				GCC_PREPROCESSOR_DEFINITIONS = (
					"DEBUG=1",
					"$(inherited)",
				);
				GCC_WARN_64_TO_32_BIT_CONVERSION = YES;
				GCC_WARN_ABOUT_RETURN_TYPE = YES_ERROR;
				GCC_WARN_UNDECLARED_SELECTOR = YES;
				GCC_WARN_UNINITIALIZED_AUTOS = YES_AGGRESSIVE;
				GCC_WARN_UNUSED_FUNCTION = YES;
				GCC_WARN_UNUSED_VARIABLE = YES;
				IPHONEOS_DEPLOYMENT_TARGET = 16.1;
				MTL_ENABLE_DEBUG_INFO = INCLUDE_SOURCE;
				MTL_FAST_MATH = YES;
				ONLY_ACTIVE_ARCH = YES;
				SDKROOT = iphoneos;
				SWIFT_ACTIVE_COMPILATION_CONDITIONS = DEBUG;
				SWIFT_OPTIMIZATION_LEVEL = "-Onone";
			};
			name = Debug;
		};
		DE4C05FB294870F200523A04 /* Release */ = {
			isa = XCBuildConfiguration;
			buildSettings = {
				ALWAYS_SEARCH_USER_PATHS = NO;
				CLANG_ANALYZER_NONNULL = YES;
				CLANG_ANALYZER_NUMBER_OBJECT_CONVERSION = YES_AGGRESSIVE;
				CLANG_CXX_LANGUAGE_STANDARD = "gnu++20";
				CLANG_ENABLE_MODULES = YES;
				CLANG_ENABLE_OBJC_ARC = YES;
				CLANG_ENABLE_OBJC_WEAK = YES;
				CLANG_WARN_BLOCK_CAPTURE_AUTORELEASING = YES;
				CLANG_WARN_BOOL_CONVERSION = YES;
				CLANG_WARN_COMMA = YES;
				CLANG_WARN_CONSTANT_CONVERSION = YES;
				CLANG_WARN_DEPRECATED_OBJC_IMPLEMENTATIONS = YES;
				CLANG_WARN_DIRECT_OBJC_ISA_USAGE = YES_ERROR;
				CLANG_WARN_DOCUMENTATION_COMMENTS = YES;
				CLANG_WARN_EMPTY_BODY = YES;
				CLANG_WARN_ENUM_CONVERSION = YES;
				CLANG_WARN_INFINITE_RECURSION = YES;
				CLANG_WARN_INT_CONVERSION = YES;
				CLANG_WARN_NON_LITERAL_NULL_CONVERSION = YES;
				CLANG_WARN_OBJC_IMPLICIT_RETAIN_SELF = YES;
				CLANG_WARN_OBJC_LITERAL_CONVERSION = YES;
				CLANG_WARN_OBJC_ROOT_CLASS = YES_ERROR;
				CLANG_WARN_QUOTED_INCLUDE_IN_FRAMEWORK_HEADER = YES;
				CLANG_WARN_RANGE_LOOP_ANALYSIS = YES;
				CLANG_WARN_STRICT_PROTOTYPES = YES;
				CLANG_WARN_SUSPICIOUS_MOVE = YES;
				CLANG_WARN_UNGUARDED_AVAILABILITY = YES_AGGRESSIVE;
				CLANG_WARN_UNREACHABLE_CODE = YES;
				CLANG_WARN__DUPLICATE_METHOD_MATCH = YES;
				COPY_PHASE_STRIP = NO;
				DEBUG_INFORMATION_FORMAT = "dwarf-with-dsym";
				ENABLE_NS_ASSERTIONS = NO;
				ENABLE_STRICT_OBJC_MSGSEND = YES;
				GCC_C_LANGUAGE_STANDARD = gnu11;
				GCC_NO_COMMON_BLOCKS = YES;
				GCC_WARN_64_TO_32_BIT_CONVERSION = YES;
				GCC_WARN_ABOUT_RETURN_TYPE = YES_ERROR;
				GCC_WARN_UNDECLARED_SELECTOR = YES;
				GCC_WARN_UNINITIALIZED_AUTOS = YES_AGGRESSIVE;
				GCC_WARN_UNUSED_FUNCTION = YES;
				GCC_WARN_UNUSED_VARIABLE = YES;
				IPHONEOS_DEPLOYMENT_TARGET = 16.1;
				MTL_ENABLE_DEBUG_INFO = NO;
				MTL_FAST_MATH = YES;
				SDKROOT = iphoneos;
				SWIFT_COMPILATION_MODE = wholemodule;
				SWIFT_OPTIMIZATION_LEVEL = "-O";
				VALIDATE_PRODUCT = YES;
			};
			name = Release;
		};
		DE4C05FD294870F200523A04 /* Debug */ = {
			isa = XCBuildConfiguration;
			baseConfigurationReference = 62EE7831A5A216B19488DF72 /* Pods-pagerView_tutorial.debug.xcconfig */;
			buildSettings = {
				ASSETCATALOG_COMPILER_APPICON_NAME = AppIcon;
				ASSETCATALOG_COMPILER_GLOBAL_ACCENT_COLOR_NAME = AccentColor;
				CODE_SIGN_STYLE = Automatic;
				CURRENT_PROJECT_VERSION = 1;
				DEVELOPMENT_TEAM = ZJX66QZ527;
				GENERATE_INFOPLIST_FILE = YES;
				INFOPLIST_FILE = pagerView_tutorial/Info.plist;
				INFOPLIST_KEY_UIApplicationSupportsIndirectInputEvents = YES;
				INFOPLIST_KEY_UILaunchStoryboardName = LaunchScreen;
				INFOPLIST_KEY_UIMainStoryboardFile = Main;
				INFOPLIST_KEY_UISupportedInterfaceOrientations_iPad = "UIInterfaceOrientationPortrait UIInterfaceOrientationPortraitUpsideDown UIInterfaceOrientationLandscapeLeft UIInterfaceOrientationLandscapeRight";
				INFOPLIST_KEY_UISupportedInterfaceOrientations_iPhone = "UIInterfaceOrientationPortrait UIInterfaceOrientationLandscapeLeft UIInterfaceOrientationLandscapeRight";
				LD_RUNPATH_SEARCH_PATHS = (
					"$(inherited)",
					"@executable_path/Frameworks",
				);
				MARKETING_VERSION = 1.0;
				PRODUCT_BUNDLE_IDENTIFIER = "com.test.pagerView-tutorial";
				PRODUCT_NAME = "$(TARGET_NAME)";
				SWIFT_EMIT_LOC_STRINGS = YES;
				SWIFT_VERSION = 5.0;
				TARGETED_DEVICE_FAMILY = "1,2";
			};
			name = Debug;
		};
		DE4C05FE294870F200523A04 /* Release */ = {
			isa = XCBuildConfiguration;
			baseConfigurationReference = EF2DECC4E0590ED7EACC71AB /* Pods-pagerView_tutorial.release.xcconfig */;
			buildSettings = {
				ASSETCATALOG_COMPILER_APPICON_NAME = AppIcon;
				ASSETCATALOG_COMPILER_GLOBAL_ACCENT_COLOR_NAME = AccentColor;
				CODE_SIGN_STYLE = Automatic;
				CURRENT_PROJECT_VERSION = 1;
				DEVELOPMENT_TEAM = ZJX66QZ527;
				GENERATE_INFOPLIST_FILE = YES;
				INFOPLIST_FILE = pagerView_tutorial/Info.plist;
				INFOPLIST_KEY_UIApplicationSupportsIndirectInputEvents = YES;
				INFOPLIST_KEY_UILaunchStoryboardName = LaunchScreen;
				INFOPLIST_KEY_UIMainStoryboardFile = Main;
				INFOPLIST_KEY_UISupportedInterfaceOrientations_iPad = "UIInterfaceOrientationPortrait UIInterfaceOrientationPortraitUpsideDown UIInterfaceOrientationLandscapeLeft UIInterfaceOrientationLandscapeRight";
				INFOPLIST_KEY_UISupportedInterfaceOrientations_iPhone = "UIInterfaceOrientationPortrait UIInterfaceOrientationLandscapeLeft UIInterfaceOrientationLandscapeRight";
				LD_RUNPATH_SEARCH_PATHS = (
					"$(inherited)",
					"@executable_path/Frameworks",
				);
				MARKETING_VERSION = 1.0;
				PRODUCT_BUNDLE_IDENTIFIER = "com.test.pagerView-tutorial";
				PRODUCT_NAME = "$(TARGET_NAME)";
				SWIFT_EMIT_LOC_STRINGS = YES;
				SWIFT_VERSION = 5.0;
				TARGETED_DEVICE_FAMILY = "1,2";
			};
			name = Release;
		};
		DE4C0600294870F200523A04 /* Debug */ = {
			isa = XCBuildConfiguration;
			baseConfigurationReference = FD0CFEEA209B7D91324FE4D3 /* Pods-pagerView_tutorialTests.debug.xcconfig */;
			buildSettings = {
				ALWAYS_EMBED_SWIFT_STANDARD_LIBRARIES = YES;
				BUNDLE_LOADER = "$(TEST_HOST)";
				CODE_SIGN_STYLE = Automatic;
				CURRENT_PROJECT_VERSION = 1;
				DEVELOPMENT_TEAM = ZJX66QZ527;
				GENERATE_INFOPLIST_FILE = YES;
				IPHONEOS_DEPLOYMENT_TARGET = 16.1;
				MARKETING_VERSION = 1.0;
				PRODUCT_BUNDLE_IDENTIFIER = "com.test.pagerView-tutorialTests";
				PRODUCT_NAME = "$(TARGET_NAME)";
				SWIFT_EMIT_LOC_STRINGS = NO;
				SWIFT_VERSION = 5.0;
				TARGETED_DEVICE_FAMILY = "1,2";
				TEST_HOST = "$(BUILT_PRODUCTS_DIR)/pagerView_tutorial.app/$(BUNDLE_EXECUTABLE_FOLDER_PATH)/pagerView_tutorial";
			};
			name = Debug;
		};
		DE4C0601294870F200523A04 /* Release */ = {
			isa = XCBuildConfiguration;
			baseConfigurationReference = 09C1DD931799AA59A3FCB6DA /* Pods-pagerView_tutorialTests.release.xcconfig */;
			buildSettings = {
				ALWAYS_EMBED_SWIFT_STANDARD_LIBRARIES = YES;
				BUNDLE_LOADER = "$(TEST_HOST)";
				CODE_SIGN_STYLE = Automatic;
				CURRENT_PROJECT_VERSION = 1;
				DEVELOPMENT_TEAM = ZJX66QZ527;
				GENERATE_INFOPLIST_FILE = YES;
				IPHONEOS_DEPLOYMENT_TARGET = 16.1;
				MARKETING_VERSION = 1.0;
				PRODUCT_BUNDLE_IDENTIFIER = "com.test.pagerView-tutorialTests";
				PRODUCT_NAME = "$(TARGET_NAME)";
				SWIFT_EMIT_LOC_STRINGS = NO;
				SWIFT_VERSION = 5.0;
				TARGETED_DEVICE_FAMILY = "1,2";
				TEST_HOST = "$(BUILT_PRODUCTS_DIR)/pagerView_tutorial.app/$(BUNDLE_EXECUTABLE_FOLDER_PATH)/pagerView_tutorial";
			};
			name = Release;
		};
		DE4C0603294870F200523A04 /* Debug */ = {
			isa = XCBuildConfiguration;
			baseConfigurationReference = FB15678194555758A272D05E /* Pods-pagerView_tutorial-pagerView_tutorialUITests.debug.xcconfig */;
			buildSettings = {
				ALWAYS_EMBED_SWIFT_STANDARD_LIBRARIES = YES;
				CODE_SIGN_STYLE = Automatic;
				CURRENT_PROJECT_VERSION = 1;
				DEVELOPMENT_TEAM = ZJX66QZ527;
				GENERATE_INFOPLIST_FILE = YES;
				MARKETING_VERSION = 1.0;
				PRODUCT_BUNDLE_IDENTIFIER = "com.test.pagerView-tutorialUITests";
				PRODUCT_NAME = "$(TARGET_NAME)";
				SWIFT_EMIT_LOC_STRINGS = NO;
				SWIFT_VERSION = 5.0;
				TARGETED_DEVICE_FAMILY = "1,2";
				TEST_TARGET_NAME = pagerView_tutorial;
			};
			name = Debug;
		};
		DE4C0604294870F200523A04 /* Release */ = {
			isa = XCBuildConfiguration;
			baseConfigurationReference = 5E9848C245B68F5C4432BB02 /* Pods-pagerView_tutorial-pagerView_tutorialUITests.release.xcconfig */;
			buildSettings = {
				ALWAYS_EMBED_SWIFT_STANDARD_LIBRARIES = YES;
				CODE_SIGN_STYLE = Automatic;
				CURRENT_PROJECT_VERSION = 1;
				DEVELOPMENT_TEAM = ZJX66QZ527;
				GENERATE_INFOPLIST_FILE = YES;
				MARKETING_VERSION = 1.0;
				PRODUCT_BUNDLE_IDENTIFIER = "com.test.pagerView-tutorialUITests";
				PRODUCT_NAME = "$(TARGET_NAME)";
				SWIFT_EMIT_LOC_STRINGS = NO;
				SWIFT_VERSION = 5.0;
				TARGETED_DEVICE_FAMILY = "1,2";
				TEST_TARGET_NAME = pagerView_tutorial;
			};
			name = Release;
		};
/* End XCBuildConfiguration section */

/* Begin XCConfigurationList section */
		DE4C05CD294870F100523A04 /* Build configuration list for PBXProject "pagerView_tutorial" */ = {
			isa = XCConfigurationList;
			buildConfigurations = (
				DE4C05FA294870F200523A04 /* Debug */,
				DE4C05FB294870F200523A04 /* Release */,
			);
			defaultConfigurationIsVisible = 0;
			defaultConfigurationName = Release;
		};
		DE4C05FC294870F200523A04 /* Build configuration list for PBXNativeTarget "pagerView_tutorial" */ = {
			isa = XCConfigurationList;
			buildConfigurations = (
				DE4C05FD294870F200523A04 /* Debug */,
				DE4C05FE294870F200523A04 /* Release */,
			);
			defaultConfigurationIsVisible = 0;
			defaultConfigurationName = Release;
		};
		DE4C05FF294870F200523A04 /* Build configuration list for PBXNativeTarget "pagerView_tutorialTests" */ = {
			isa = XCConfigurationList;
			buildConfigurations = (
				DE4C0600294870F200523A04 /* Debug */,
				DE4C0601294870F200523A04 /* Release */,
			);
			defaultConfigurationIsVisible = 0;
			defaultConfigurationName = Release;
		};
		DE4C0602294870F200523A04 /* Build configuration list for PBXNativeTarget "pagerView_tutorialUITests" */ = {
			isa = XCConfigurationList;
			buildConfigurations = (
				DE4C0603294870F200523A04 /* Debug */,
				DE4C0604294870F200523A04 /* Release */,
			);
			defaultConfigurationIsVisible = 0;
			defaultConfigurationName = Release;
		};
/* End XCConfigurationList section */
	};
	rootObject = DE4C05CA294870F100523A04 /* Project object */;
}
